
Microsoft Visual Studio Solution File, Format Version 12.00
# Visual Studio Version 17
VisualStudioVersion = 17.0.31903.59
MinimumVisualStudioVersion = 10.0.40219.1
Project("{2150E333-8FDC-42A3-9474-1A3956D46DE8}") = "src", "src", "{827E0CD3-B72D-47B6-A68D-7590B98EB39B}"
EndProject
Project("{FAE04EC0-301F-11D3-BF4B-00C04F79EFBC}") = "Biblioteca.Nucleo", "src\Biblioteca.Nucleo\Biblioteca.Nucleo.csproj", "{4D6B9825-7C1A-4303-B246-EB4C932FFE75}"
EndProject
Project("{FAE04EC0-301F-11D3-BF4B-00C04F79EFBC}") = "Biblioteca.Identidad", "src\Biblioteca.Identidad\Biblioteca.Identidad.csproj", "{F5AEE9B3-706C-4931-9E53-02EC78129AFC}"
EndProject
Project("{FAE04EC0-301F-11D3-BF4B-00C04F79EFBC}") = "Biblioteca.Correo", "src\Biblioteca.Correo\Biblioteca.Correo.csproj", "{8E1CBD85-AE11-41AB-B413-846C044EFF81}"
EndProject
Project("{FAE04EC0-301F-11D3-BF4B-00C04F79EFBC}") = "Biblioteca.Biblioteca", "src\Biblioteca.Biblioteca\Biblioteca.Biblioteca.csproj", "{BEE48ABE-A16F-4882-8181-C88B708545DB}"
EndProject
Project("{FAE04EC0-301F-11D3-BF4B-00C04F79EFBC}") = "Biblioteca.Api", "src\Biblioteca.Api\Biblioteca.Api.csproj", "{0A5D7B6E-799D-4FCE-88B0-052B0053A9BF}"
EndProject
Project("{2150E333-8FDC-42A3-9474-1A3956D46DE8}") = "tools", "tools", "{07C2787E-EAC7-C090-1BA3-A61EC2A24D84}"
EndProject
Project("{FAE04EC0-301F-11D3-BF4B-00C04F79EFBC}") = "Biblioteca.Correo.Enviador", "tools\Biblioteca.Correo.Enviador\Biblioteca.Correo.Enviador.csproj", "{6A27D923-7F9B-461D-87A6-2F181EF0F0F0}"
EndProject
Project("{2150E333-8FDC-42A3-9474-1A3956D46DE8}") = "tests", "tests", "{0AB3BF05-4346-4AA6-1389-037BE0695223}"
EndProject
Project("{FAE04EC0-301F-11D3-BF4B-00C04F79EFBC}") = "Biblioteca.Nucleo.Tests", "tests\Biblioteca.Nucleo.Tests\Biblioteca.Nucleo.Tests.csproj", "{9F839363-92A8-45D5-9BBD-A6D8C7EE3F4E}"
EndProject
Project("{FAE04EC0-301F-11D3-BF4B-00C04F79EFBC}") = "Biblioteca.Identidad.Tests", "tests\Biblioteca.Identidad.Tests\Biblioteca.Identidad.Tests.csproj", "{08958F9F-E3C5-4755-873B-6CF4BCEB5ED6}"
EndProject
Project("{FAE04EC0-301F-11D3-BF4B-00C04F79EFBC}") = "Biblioteca.Api.Tests", "tests\Biblioteca.Api.Tests\Biblioteca.Api.Tests.csproj", "{CFB491E8-F2BB-4851-9E10-F1BC5A20A130}"
EndProject
Project("{FAE04EC0-301F-11D3-BF4B-00C04F79EFBC}") = "Biblioteca.Biblioteca.Tests", "tests\Biblioteca.Biblioteca.Tests\Biblioteca.Biblioteca.Tests.csproj", "{F54A30D3-93C7-4917-8F24-160C76234478}"
EndProject
Global
	GlobalSection(SolutionConfigurationPlatforms) = preSolution
		Debug|Any CPU = Debug|Any CPU
		Debug|x64 = Debug|x64
		Debug|x86 = Debug|x86
		Release|Any CPU = Release|Any CPU
		Release|x64 = Release|x64
		Release|x86 = Release|x86
	EndGlobalSection
	GlobalSection(ProjectConfigurationPlatforms) = postSolution
		{4D6B9825-7C1A-4303-B246-EB4C932FFE75}.Debug|Any CPU.ActiveCfg = Debug|Any CPU
		{4D6B9825-7C1A-4303-B246-EB4C932FFE75}.Debug|Any CPU.Build.0 = Debug|Any CPU
		{4D6B9825-7C1A-4303-B246-EB4C932FFE75}.Debug|x64.ActiveCfg = Debug|Any CPU
		{4D6B9825-7C1A-4303-B246-EB4C932FFE75}.Debug|x64.Build.0 = Debug|Any CPU
		{4D6B9825-7C1A-4303-B246-EB4C932FFE75}.Debug|x86.ActiveCfg = Debug|Any CPU
		{4D6B9825-7C1A-4303-B246-EB4C932FFE75}.Debug|x86.Build.0 = Debug|Any CPU
		{4D6B9825-7C1A-4303-B246-EB4C932FFE75}.Release|Any CPU.ActiveCfg = Release|Any CPU
		{4D6B9825-7C1A-4303-B246-EB4C932FFE75}.Release|Any CPU.Build.0 = Release|Any CPU
		{4D6B9825-7C1A-4303-B246-EB4C932FFE75}.Release|x64.ActiveCfg = Release|Any CPU
		{4D6B9825-7C1A-4303-B246-EB4C932FFE75}.Release|x64.Build.0 = Release|Any CPU
		{4D6B9825-7C1A-4303-B246-EB4C932FFE75}.Release|x86.ActiveCfg = Release|Any CPU
		{4D6B9825-7C1A-4303-B246-EB4C932FFE75}.Release|x86.Build.0 = Release|Any CPU
		{F5AEE9B3-706C-4931-9E53-02EC78129AFC}.Debug|Any CPU.ActiveCfg = Debug|Any CPU
		{F5AEE9B3-706C-4931-9E53-02EC78129AFC}.Debug|Any CPU.Build.0 = Debug|Any CPU
		{F5AEE9B3-706C-4931-9E53-02EC78129AFC}.Debug|x64.ActiveCfg = Debug|Any CPU
		{F5AEE9B3-706C-4931-9E53-02EC78129AFC}.Debug|x64.Build.0 = Debug|Any CPU
		{F5AEE9B3-706C-4931-9E53-02EC78129AFC}.Debug|x86.ActiveCfg = Debug|Any CPU
		{F5AEE9B3-706C-4931-9E53-02EC78129AFC}.Debug|x86.Build.0 = Debug|Any CPU
		{F5AEE9B3-706C-4931-9E53-02EC78129AFC}.Release|Any CPU.ActiveCfg = Release|Any CPU
		{F5AEE9B3-706C-4931-9E53-02EC78129AFC}.Release|Any CPU.Build.0 = Release|Any CPU
		{F5AEE9B3-706C-4931-9E53-02EC78129AFC}.Release|x64.ActiveCfg = Release|Any CPU
		{F5AEE9B3-706C-4931-9E53-02EC78129AFC}.Release|x64.Build.0 = Release|Any CPU
		{F5AEE9B3-706C-4931-9E53-02EC78129AFC}.Release|x86.ActiveCfg = Release|Any CPU
		{F5AEE9B3-706C-4931-9E53-02EC78129AFC}.Release|x86.Build.0 = Release|Any CPU
		{8E1CBD85-AE11-41AB-B413-846C044EFF81}.Debug|Any CPU.ActiveCfg = Debug|Any CPU
		{8E1CBD85-AE11-41AB-B413-846C044EFF81}.Debug|Any CPU.Build.0 = Debug|Any CPU
		{8E1CBD85-AE11-41AB-B413-846C044EFF81}.Debug|x64.ActiveCfg = Debug|Any CPU
		{8E1CBD85-AE11-41AB-B413-846C044EFF81}.Debug|x64.Build.0 = Debug|Any CPU
		{8E1CBD85-AE11-41AB-B413-846C044EFF81}.Debug|x86.ActiveCfg = Debug|Any CPU
		{8E1CBD85-AE11-41AB-B413-846C044EFF81}.Debug|x86.Build.0 = Debug|Any CPU
		{8E1CBD85-AE11-41AB-B413-846C044EFF81}.Release|Any CPU.ActiveCfg = Release|Any CPU
		{8E1CBD85-AE11-41AB-B413-846C044EFF81}.Release|Any CPU.Build.0 = Release|Any CPU
		{8E1CBD85-AE11-41AB-B413-846C044EFF81}.Release|x64.ActiveCfg = Release|Any CPU
		{8E1CBD85-AE11-41AB-B413-846C044EFF81}.Release|x64.Build.0 = Release|Any CPU
		{8E1CBD85-AE11-41AB-B413-846C044EFF81}.Release|x86.ActiveCfg = Release|Any CPU
		{8E1CBD85-AE11-41AB-B413-846C044EFF81}.Release|x86.Build.0 = Release|Any CPU
		{BEE48ABE-A16F-4882-8181-C88B708545DB}.Debug|Any CPU.ActiveCfg = Debug|Any CPU
		{BEE48ABE-A16F-4882-8181-C88B708545DB}.Debug|Any CPU.Build.0 = Debug|Any CPU
		{BEE48ABE-A16F-4882-8181-C88B708545DB}.Debug|x64.ActiveCfg = Debug|Any CPU
		{BEE48ABE-A16F-4882-8181-C88B708545DB}.Debug|x64.Build.0 = Debug|Any CPU
		{BEE48ABE-A16F-4882-8181-C88B708545DB}.Debug|x86.ActiveCfg = Debug|Any CPU
		{BEE48ABE-A16F-4882-8181-C88B708545DB}.Debug|x86.Build.0 = Debug|Any CPU
		{BEE48ABE-A16F-4882-8181-C88B708545DB}.Release|Any CPU.ActiveCfg = Release|Any CPU
		{BEE48ABE-A16F-4882-8181-C88B708545DB}.Release|Any CPU.Build.0 = Release|Any CPU
		{BEE48ABE-A16F-4882-8181-C88B708545DB}.Release|x64.ActiveCfg = Release|Any CPU
		{BEE48ABE-A16F-4882-8181-C88B708545DB}.Release|x64.Build.0 = Release|Any CPU
		{BEE48ABE-A16F-4882-8181-C88B708545DB}.Release|x86.ActiveCfg = Release|Any CPU
		{BEE48ABE-A16F-4882-8181-C88B708545DB}.Release|x86.Build.0 = Release|Any CPU
		{0A5D7B6E-799D-4FCE-88B0-052B0053A9BF}.Debug|Any CPU.ActiveCfg = Debug|Any CPU
		{0A5D7B6E-799D-4FCE-88B0-052B0053A9BF}.Debug|Any CPU.Build.0 = Debug|Any CPU
		{0A5D7B6E-799D-4FCE-88B0-052B0053A9BF}.Debug|x64.ActiveCfg = Debug|Any CPU
		{0A5D7B6E-799D-4FCE-88B0-052B0053A9BF}.Debug|x64.Build.0 = Debug|Any CPU
		{0A5D7B6E-799D-4FCE-88B0-052B0053A9BF}.Debug|x86.ActiveCfg = Debug|Any CPU
		{0A5D7B6E-799D-4FCE-88B0-052B0053A9BF}.Debug|x86.Build.0 = Debug|Any CPU
		{0A5D7B6E-799D-4FCE-88B0-052B0053A9BF}.Release|Any CPU.ActiveCfg = Release|Any CPU
		{0A5D7B6E-799D-4FCE-88B0-052B0053A9BF}.Release|Any CPU.Build.0 = Release|Any CPU
		{0A5D7B6E-799D-4FCE-88B0-052B0053A9BF}.Release|x64.ActiveCfg = Release|Any CPU
		{0A5D7B6E-799D-4FCE-88B0-052B0053A9BF}.Release|x64.Build.0 = Release|Any CPU
		{0A5D7B6E-799D-4FCE-88B0-052B0053A9BF}.Release|x86.ActiveCfg = Release|Any CPU
		{0A5D7B6E-799D-4FCE-88B0-052B0053A9BF}.Release|x86.Build.0 = Release|Any CPU
		{6A27D923-7F9B-461D-87A6-2F181EF0F0F0}.Debug|Any CPU.ActiveCfg = Debug|Any CPU
		{6A27D923-7F9B-461D-87A6-2F181EF0F0F0}.Debug|Any CPU.Build.0 = Debug|Any CPU
		{6A27D923-7F9B-461D-87A6-2F181EF0F0F0}.Debug|x64.ActiveCfg = Debug|Any CPU
		{6A27D923-7F9B-461D-87A6-2F181EF0F0F0}.Debug|x64.Build.0 = Debug|Any CPU
		{6A27D923-7F9B-461D-87A6-2F181EF0F0F0}.Debug|x86.ActiveCfg = Debug|Any CPU
		{6A27D923-7F9B-461D-87A6-2F181EF0F0F0}.Debug|x86.Build.0 = Debug|Any CPU
		{6A27D923-7F9B-461D-87A6-2F181EF0F0F0}.Release|Any CPU.ActiveCfg = Release|Any CPU
		{6A27D923-7F9B-461D-87A6-2F181EF0F0F0}.Release|Any CPU.Build.0 = Release|Any CPU
		{6A27D923-7F9B-461D-87A6-2F181EF0F0F0}.Release|x64.ActiveCfg = Release|Any CPU
		{6A27D923-7F9B-461D-87A6-2F181EF0F0F0}.Release|x64.Build.0 = Release|Any CPU
		{6A27D923-7F9B-461D-87A6-2F181EF0F0F0}.Release|x86.ActiveCfg = Release|Any CPU
		{6A27D923-7F9B-461D-87A6-2F181EF0F0F0}.Release|x86.Build.0 = Release|Any CPU
		{9F839363-92A8-45D5-9BBD-A6D8C7EE3F4E}.Debug|Any CPU.ActiveCfg = Debug|Any CPU
		{9F839363-92A8-45D5-9BBD-A6D8C7EE3F4E}.Debug|Any CPU.Build.0 = Debug|Any CPU
		{9F839363-92A8-45D5-9BBD-A6D8C7EE3F4E}.Debug|x64.ActiveCfg = Debug|Any CPU
		{9F839363-92A8-45D5-9BBD-A6D8C7EE3F4E}.Debug|x64.Build.0 = Debug|Any CPU
		{9F839363-92A8-45D5-9BBD-A6D8C7EE3F4E}.Debug|x86.ActiveCfg = Debug|Any CPU
		{9F839363-92A8-45D5-9BBD-A6D8C7EE3F4E}.Debug|x86.Build.0 = Debug|Any CPU
		{9F839363-92A8-45D5-9BBD-A6D8C7EE3F4E}.Release|Any CPU.ActiveCfg = Release|Any CPU
		{9F839363-92A8-45D5-9BBD-A6D8C7EE3F4E}.Release|Any CPU.Build.0 = Release|Any CPU
		{9F839363-92A8-45D5-9BBD-A6D8C7EE3F4E}.Release|x64.ActiveCfg = Release|Any CPU
		{9F839363-92A8-45D5-9BBD-A6D8C7EE3F4E}.Release|x64.Build.0 = Release|Any CPU
		{9F839363-92A8-45D5-9BBD-A6D8C7EE3F4E}.Release|x86.ActiveCfg = Release|Any CPU
		{9F839363-92A8-45D5-9BBD-A6D8C7EE3F4E}.Release|x86.Build.0 = Release|Any CPU
		{08958F9F-E3C5-4755-873B-6CF4BCEB5ED6}.Debug|Any CPU.ActiveCfg = Debug|Any CPU
		{08958F9F-E3C5-4755-873B-6CF4BCEB5ED6}.Debug|Any CPU.Build.0 = Debug|Any CPU
		{08958F9F-E3C5-4755-873B-6CF4BCEB5ED6}.Debug|x64.ActiveCfg = Debug|Any CPU
		{08958F9F-E3C5-4755-873B-6CF4BCEB5ED6}.Debug|x64.Build.0 = Debug|Any CPU
		{08958F9F-E3C5-4755-873B-6CF4BCEB5ED6}.Debug|x86.ActiveCfg = Debug|Any CPU
		{08958F9F-E3C5-4755-873B-6CF4BCEB5ED6}.Debug|x86.Build.0 = Debug|Any CPU
		{08958F9F-E3C5-4755-873B-6CF4BCEB5ED6}.Release|Any CPU.ActiveCfg = Release|Any CPU
		{08958F9F-E3C5-4755-873B-6CF4BCEB5ED6}.Release|Any CPU.Build.0 = Release|Any CPU
		{08958F9F-E3C5-4755-873B-6CF4BCEB5ED6}.Release|x64.ActiveCfg = Release|Any CPU
		{08958F9F-E3C5-4755-873B-6CF4BCEB5ED6}.Release|x64.Build.0 = Release|Any CPU
		{08958F9F-E3C5-4755-873B-6CF4BCEB5ED6}.Release|x86.ActiveCfg = Release|Any CPU
		{08958F9F-E3C5-4755-873B-6CF4BCEB5ED6}.Release|x86.Build.0 = Release|Any CPU
		{CFB491E8-F2BB-4851-9E10-F1BC5A20A130}.Debug|Any CPU.ActiveCfg = Debug|Any CPU
		{CFB491E8-F2BB-4851-9E10-F1BC5A20A130}.Debug|Any CPU.Build.0 = Debug|Any CPU
		{CFB491E8-F2BB-4851-9E10-F1BC5A20A130}.Debug|x64.ActiveCfg = Debug|Any CPU
		{CFB491E8-F2BB-4851-9E10-F1BC5A20A130}.Debug|x64.Build.0 = Debug|Any CPU
		{CFB491E8-F2BB-4851-9E10-F1BC5A20A130}.Debug|x86.ActiveCfg = Debug|Any CPU
		{CFB491E8-F2BB-4851-9E10-F1BC5A20A130}.Debug|x86.Build.0 = Debug|Any CPU
		{CFB491E8-F2BB-4851-9E10-F1BC5A20A130}.Release|Any CPU.ActiveCfg = Release|Any CPU
		{CFB491E8-F2BB-4851-9E10-F1BC5A20A130}.Release|Any CPU.Build.0 = Release|Any CPU
		{CFB491E8-F2BB-4851-9E10-F1BC5A20A130}.Release|x64.ActiveCfg = Release|Any CPU
		{CFB491E8-F2BB-4851-9E10-F1BC5A20A130}.Release|x64.Build.0 = Release|Any CPU
		{CFB491E8-F2BB-4851-9E10-F1BC5A20A130}.Release|x86.ActiveCfg = Release|Any CPU
		{CFB491E8-F2BB-4851-9E10-F1BC5A20A130}.Release|x86.Build.0 = Release|Any CPU
		{F54A30D3-93C7-4917-8F24-160C76234478}.Debug|Any CPU.ActiveCfg = Debug|Any CPU
		{F54A30D3-93C7-4917-8F24-160C76234478}.Debug|Any CPU.Build.0 = Debug|Any CPU
		{F54A30D3-93C7-4917-8F24-160C76234478}.Debug|x64.ActiveCfg = Debug|Any CPU
		{F54A30D3-93C7-4917-8F24-160C76234478}.Debug|x64.Build.0 = Debug|Any CPU
		{F54A30D3-93C7-4917-8F24-160C76234478}.Debug|x86.ActiveCfg = Debug|Any CPU
		{F54A30D3-93C7-4917-8F24-160C76234478}.Debug|x86.Build.0 = Debug|Any CPU
		{F54A30D3-93C7-4917-8F24-160C76234478}.Release|Any CPU.ActiveCfg = Release|Any CPU
		{F54A30D3-93C7-4917-8F24-160C76234478}.Release|Any CPU.Build.0 = Release|Any CPU
		{F54A30D3-93C7-4917-8F24-160C76234478}.Release|x64.ActiveCfg = Release|Any CPU
		{F54A30D3-93C7-4917-8F24-160C76234478}.Release|x64.Build.0 = Release|Any CPU
		{F54A30D3-93C7-4917-8F24-160C76234478}.Release|x86.ActiveCfg = Release|Any CPU
		{F54A30D3-93C7-4917-8F24-160C76234478}.Release|x86.Build.0 = Release|Any CPU
	EndGlobalSection
	GlobalSection(SolutionProperties) = preSolution
		HideSolutionNode = FALSE
	EndGlobalSection
	GlobalSection(NestedProjects) = preSolution
		{4D6B9825-7C1A-4303-B246-EB4C932FFE75} = {827E0CD3-B72D-47B6-A68D-7590B98EB39B}
		{F5AEE9B3-706C-4931-9E53-02EC78129AFC} = {827E0CD3-B72D-47B6-A68D-7590B98EB39B}
		{8E1CBD85-AE11-41AB-B413-846C044EFF81} = {827E0CD3-B72D-47B6-A68D-7590B98EB39B}
		{BEE48ABE-A16F-4882-8181-C88B708545DB} = {827E0CD3-B72D-47B6-A68D-7590B98EB39B}
		{0A5D7B6E-799D-4FCE-88B0-052B0053A9BF} = {827E0CD3-B72D-47B6-A68D-7590B98EB39B}
		{6A27D923-7F9B-461D-87A6-2F181EF0F0F0} = {07C2787E-EAC7-C090-1BA3-A61EC2A24D84}
		{9F839363-92A8-45D5-9BBD-A6D8C7EE3F4E} = {0AB3BF05-4346-4AA6-1389-037BE0695223}
		{08958F9F-E3C5-4755-873B-6CF4BCEB5ED6} = {0AB3BF05-4346-4AA6-1389-037BE0695223}
		{CFB491E8-F2BB-4851-9E10-F1BC5A20A130} = {0AB3BF05-4346-4AA6-1389-037BE0695223}
		{F54A30D3-93C7-4917-8F24-160C76234478} = {0AB3BF05-4346-4AA6-1389-037BE0695223}
	EndGlobalSection
EndGlobal
